# THIS IS AN AUTOGENERATED FILE. DO NOT EDIT THIS FILE DIRECTLY.
# yarn lockfile v1


"@actions/cache@^5.0.3":
  version "5.0.3"
  resolved "https://registry.yarnpkg.com/@actions/cache/-/cache-5.0.3.tgz#1af13e3578b185c41b31a76ead7b3670434d7bfc"
  integrity sha512-9joY8Oup+nIpksSBlkuf9/mltnhWx3lydk1tA2PVnXaxFLIIrKqrWDN2CZXlJ+PEErcBARKYn4mHiUCTyMh4Vg==
  dependencies:
    "@actions/core" "^2.0.0"
    "@actions/exec" "^2.0.0"
    "@actions/glob" "^0.5.0"
    "@actions/http-client" "^3.0.1"
    "@actions/io" "^2.0.0"
    "@azure/abort-controller" "^1.1.0"
    "@azure/core-rest-pipeline" "^1.22.0"
    "@azure/storage-blob" "^12.29.1"
    "@protobuf-ts/runtime-rpc" "^2.11.1"
    semver "^6.3.1"

"@actions/core@^1.9.1":
  version "1.11.1"
  resolved "https://registry.yarnpkg.com/@actions/core/-/core-1.11.1.tgz#ae683aac5112438021588030efb53b1adb86f172"
  integrity sha512-hXJCSrkwfA46Vd9Z3q4cpEpHB1rL5NG04+/rbqW9d3+CSvtB1tYe8UTpAlixa1vj0m/ULglfEK2UKxMGxCxv5A==
  dependencies:
    "@actions/exec" "^1.1.1"
    "@actions/http-client" "^2.0.1"

"@actions/core@^2.0.0", "@actions/core@^2.0.1", "@actions/core@^2.0.2":
  version "2.0.2"
  resolved "https://registry.yarnpkg.com/@actions/core/-/core-2.0.2.tgz#81c59e1f3437660d2148a064c1ba8e99931f2cf7"
  integrity sha512-Ast1V7yHbGAhplAsuVlnb/5J8Mtr/Zl6byPPL+Qjq3lmfIgWF1ak1iYfF/079cRERiuTALTXkSuEUdZeDCfGtA==
  dependencies:
    "@actions/exec" "^2.0.0"
    "@actions/http-client" "^3.0.1"

"@actions/exec@^1.1.1":
  version "1.1.1"
  resolved "https://registry.yarnpkg.com/@actions/exec/-/exec-1.1.1.tgz#2e43f28c54022537172819a7cf886c844221a611"
  integrity sha512-+sCcHHbVdk93a0XT19ECtO/gIXoxvdsgQLzb2fE2/5sIZmWQuluYyjPQtrtTHdU1YzTZ7bAPN4sITq2xi1679w==
  dependencies:
    "@actions/io" "^1.0.1"

"@actions/exec@^2.0.0":
  version "2.0.0"
  resolved "https://registry.yarnpkg.com/@actions/exec/-/exec-2.0.0.tgz#35e829723389f80e362ec2cc415697ec74362ad8"
  integrity sha512-k8ngrX2voJ/RIN6r9xB82NVqKpnMRtxDoiO+g3olkIUpQNqjArXrCQceduQZCQj3P3xm32pChRLqRrtXTlqhIw==
  dependencies:
    "@actions/io" "^2.0.0"

"@actions/glob@^0.5.0":
  version "0.5.0"
  resolved "https://registry.yarnpkg.com/@actions/glob/-/glob-0.5.0.tgz#72853048c6f84c05d8d9e0aad2bb926f6e3bc873"
  integrity sha512-tST2rjPvJLRZLuT9NMUtyBjvj9Yo0MiJS3ow004slMvm8GFM+Zv9HvMJ7HWzfUyJnGrJvDsYkWBaaG3YKXRtCw==
  dependencies:
    "@actions/core" "^1.9.1"
    minimatch "^3.0.4"

"@actions/http-client@^2.0.1":
  version "2.2.3"
  resolved "https://registry.yarnpkg.com/@actions/http-client/-/http-client-2.2.3.tgz#31fc0b25c0e665754ed39a9f19a8611fc6dab674"
  integrity sha512-mx8hyJi/hjFvbPokCg4uRd4ZX78t+YyRPtnKWwIl+RzNaVuFpQHfmlGVfsKEJN8LwTCvL+DfVgAM04XaHkm6bA==
  dependencies:
    tunnel "^0.0.6"
    undici "^5.25.4"

"@actions/http-client@^3.0.1":
  version "3.0.1"
  resolved "https://registry.yarnpkg.com/@actions/http-client/-/http-client-3.0.1.tgz#0ac91c3abf179a401e23d40abf0d7caa92324268"
  integrity sha512-SbGS8c/vySbNO3kjFgSW77n83C4MQx/Yoe+b1hAdpuvfHxnkHzDq2pWljUpAA56Si1Gae/7zjeZsV0CYjmLo/w==
  dependencies:
    tunnel "^0.0.6"
    undici "^5.28.5"

"@actions/io@^1.0.1":
  version "1.1.3"
  resolved "https://registry.yarnpkg.com/@actions/io/-/io-1.1.3.tgz#4cdb6254da7962b07473ff5c335f3da485d94d71"
  integrity sha512-wi9JjgKLYS7U/z8PPbco+PvTb/nRWjeoFlJ1Qer83k/3C5PHQi28hiVdeE2kHXmIL99mQFawx8qt/JPjZilJ8Q==

"@actions/io@^2.0.0":
  version "2.0.0"
  resolved "https://registry.yarnpkg.com/@actions/io/-/io-2.0.0.tgz#3ad1271ba3cd515324f2215e8d4c1c0c3864d65b"
  integrity sha512-Jv33IN09XLO+0HS79aaODsvIRyduiF7NY/F6LYeK5oeUmrsz7aFdRphQjFoESF4jS7lMauDOttKALcpapVDIAg==

"@actions/tool-cache@^3.0.0":
  version "3.0.0"
  resolved "https://registry.yarnpkg.com/@actions/tool-cache/-/tool-cache-3.0.0.tgz#78526510671d7abcb15824ac336aa366ef0d0cc2"
  integrity sha512-JBx8gEWuu8Lqaqx/hEnL6QdKvF06suBR4y+dBDi9vJbHx1r+p6QtmBKhQYhiKjDUYIoDX1bUrbyAYPChoPK+XA==
  dependencies:
    "@actions/core" "^2.0.1"
    "@actions/exec" "^2.0.0"
    "@actions/http-client" "^3.0.1"
    "@actions/io" "^2.0.0"
    semver "^6.1.0"

"@azure/abort-controller@^1.1.0":
  version "1.1.0"
  resolved "https://registry.yarnpkg.com/@azure/abort-controller/-/abort-controller-1.1.0.tgz#788ee78457a55af8a1ad342acb182383d2119249"
  integrity sha512-TrRLIoSQVzfAJX9H1JeFjzAoDGcoK1IYX1UImfceTZpsyYfWr09Ss1aHW1y5TrrR3iq6RZLBwJ3E24uwPhwahw==
  dependencies:
    tslib "^2.2.0"

"@azure/abort-controller@^2.0.0", "@azure/abort-controller@^2.1.2":
  version "2.1.2"
  resolved "https://registry.yarnpkg.com/@azure/abort-controller/-/abort-controller-2.1.2.tgz#42fe0ccab23841d9905812c58f1082d27784566d"
  integrity sha512-nBrLsEWm4J2u5LpAPjxADTlq3trDgVZZXHNKabeXZtpq3d3AbN/KGO82R87rdDz5/lYB024rtEf10/q0urNgsA==
  dependencies:
    tslib "^2.6.2"

"@azure/core-auth@^1.10.0", "@azure/core-auth@^1.9.0":
  version "1.10.1"
  resolved "https://registry.yarnpkg.com/@azure/core-auth/-/core-auth-1.10.1.tgz#68a17fa861ebd14f6fd314055798355ef6bedf1b"
  integrity sha512-ykRMW8PjVAn+RS6ww5cmK9U2CyH9p4Q88YJwvUslfuMmN98w/2rdGRLPqJYObapBCdzBVeDgYWdJnFPFb7qzpg==
  dependencies:
    "@azure/abort-controller" "^2.1.2"
    "@azure/core-util" "^1.13.0"
    tslib "^2.6.2"

"@azure/core-client@^1.10.0", "@azure/core-client@^1.9.3":
  version "1.10.1"
  resolved "https://registry.yarnpkg.com/@azure/core-client/-/core-client-1.10.1.tgz#83d78f97d647ab22e6811a7a68bb4223e7a1d019"
  integrity sha512-Nh5PhEOeY6PrnxNPsEHRr9eimxLwgLlpmguQaHKBinFYA/RU9+kOYVOQqOrTsCL+KSxrLLl1gD8Dk5BFW/7l/w==
  dependencies:
    "@azure/abort-controller" "^2.1.2"
    "@azure/core-auth" "^1.10.0"
    "@azure/core-rest-pipeline" "^1.22.0"
    "@azure/core-tracing" "^1.3.0"
    "@azure/core-util" "^1.13.0"
    "@azure/logger" "^1.3.0"
    tslib "^2.6.2"

"@azure/core-http-compat@^2.2.0":
  version "2.3.1"
  resolved "https://registry.yarnpkg.com/@azure/core-http-compat/-/core-http-compat-2.3.1.tgz#2182e39a31c062800d4e3ad69bcf0109d87713dc"
  integrity sha512-az9BkXND3/d5VgdRRQVkiJb2gOmDU8Qcq4GvjtBmDICNiQ9udFmDk4ZpSB5Qq1OmtDJGlQAfBaS4palFsazQ5g==
  dependencies:
    "@azure/abort-controller" "^2.1.2"
    "@azure/core-client" "^1.10.0"
    "@azure/core-rest-pipeline" "^1.22.0"

"@azure/core-lro@^2.2.0":
  version "2.7.2"
  resolved "https://registry.yarnpkg.com/@azure/core-lro/-/core-lro-2.7.2.tgz#787105027a20e45c77651a98b01a4d3b01b75a08"
  integrity sha512-0YIpccoX8m/k00O7mDDMdJpbr6mf1yWo2dfmxt5A8XVZVVMz2SSKaEbMCeJRvgQ0IaSlqhjT47p4hVIRRy90xw==
  dependencies:
    "@azure/abort-controller" "^2.0.0"
    "@azure/core-util" "^1.2.0"
    "@azure/logger" "^1.0.0"
    tslib "^2.6.2"

"@azure/core-paging@^1.6.2":
  version "1.6.2"
  resolved "https://registry.yarnpkg.com/@azure/core-paging/-/core-paging-1.6.2.tgz#40d3860dc2df7f291d66350b2cfd9171526433e7"
  integrity sha512-YKWi9YuCU04B55h25cnOYZHxXYtEvQEbKST5vqRga7hWY9ydd3FZHdeQF8pyh+acWZvppw13M/LMGx0LABUVMA==
  dependencies:
    tslib "^2.6.2"

"@azure/core-rest-pipeline@^1.19.1", "@azure/core-rest-pipeline@^1.22.0":
  version "1.22.2"
  resolved "https://registry.yarnpkg.com/@azure/core-rest-pipeline/-/core-rest-pipeline-1.22.2.tgz#7e14f21d25ab627cd07676adb5d9aacd8e2e95cc"
  integrity sha512-MzHym+wOi8CLUlKCQu12de0nwcq9k9Kuv43j4Wa++CsCpJwps2eeBQwD2Bu8snkxTtDKDx4GwjuR9E8yC8LNrg==
  dependencies:
    "@azure/abort-controller" "^2.1.2"
    "@azure/core-auth" "^1.10.0"
    "@azure/core-tracing" "^1.3.0"
    "@azure/core-util" "^1.13.0"
    "@azure/logger" "^1.3.0"
    "@typespec/ts-http-runtime" "^0.3.0"
    tslib "^2.6.2"

"@azure/core-tracing@^1.2.0", "@azure/core-tracing@^1.3.0":
  version "1.3.1"
  resolved "https://registry.yarnpkg.com/@azure/core-tracing/-/core-tracing-1.3.1.tgz#e971045c901ea9c110616b0e1db272507781d5f6"
  integrity sha512-9MWKevR7Hz8kNzzPLfX4EAtGM2b8mr50HPDBvio96bURP/9C+HjdH3sBlLSNNrvRAr5/k/svoH457gB5IKpmwQ==
  dependencies:
    tslib "^2.6.2"

"@azure/core-util@^1.11.0", "@azure/core-util@^1.13.0", "@azure/core-util@^1.2.0":
  version "1.13.1"
  resolved "https://registry.yarnpkg.com/@azure/core-util/-/core-util-1.13.1.tgz#6dff2ff6d3c9c6430c6f4d3b3e65de531f10bafe"
  integrity sha512-XPArKLzsvl0Hf0CaGyKHUyVgF7oDnhKoP85Xv6M4StF/1AhfORhZudHtOyf2s+FcbuQ9dPRAjB8J2KvRRMUK2A==
  dependencies:
    "@azure/abort-controller" "^2.1.2"
    "@typespec/ts-http-runtime" "^0.3.0"
    tslib "^2.6.2"

"@azure/core-xml@^1.4.5":
  version "1.5.0"
  resolved "https://registry.yarnpkg.com/@azure/core-xml/-/core-xml-1.5.0.tgz#cd82d511d7bcc548d206f5627c39724c5d5a4434"
  integrity sha512-D/sdlJBMJfx7gqoj66PKVmhDDaU6TKA49ptcolxdas29X7AfvLTmfAGLjAcIMBK7UZ2o4lygHIqVckOlQU3xWw==
  dependencies:
    fast-xml-parser "^5.0.7"
    tslib "^2.8.1"

"@azure/logger@^1.0.0", "@azure/logger@^1.1.4", "@azure/logger@^1.3.0":
  version "1.3.0"
  resolved "https://registry.yarnpkg.com/@azure/logger/-/logger-1.3.0.tgz#5501cf85d4f52630602a8cc75df76568c969a827"
  integrity sha512-fCqPIfOcLE+CGqGPd66c8bZpwAji98tZ4JI9i/mlTNTlsIWslCfpg48s/ypyLxZTump5sypjrKn2/kY7q8oAbA==
  dependencies:
    "@typespec/ts-http-runtime" "^0.3.0"
    tslib "^2.6.2"

"@azure/storage-blob@^12.29.1":
  version "12.30.0"
  resolved "https://registry.yarnpkg.com/@azure/storage-blob/-/storage-blob-12.30.0.tgz#e7abd8ddca42f93a2b0cedb5303fead323c8d80d"
  integrity sha512-peDCR8blSqhsAKDbpSP/o55S4sheNwSrblvCaHUZ5xUI73XA7ieUGGwrONgD/Fng0EoDe1VOa3fAQ7+WGB3Ocg==
  dependencies:
    "@azure/abort-controller" "^2.1.2"
    "@azure/core-auth" "^1.9.0"
    "@azure/core-client" "^1.9.3"
    "@azure/core-http-compat" "^2.2.0"
    "@azure/core-lro" "^2.2.0"
    "@azure/core-paging" "^1.6.2"
    "@azure/core-rest-pipeline" "^1.19.1"
    "@azure/core-tracing" "^1.2.0"
    "@azure/core-util" "^1.11.0"
    "@azure/core-xml" "^1.4.5"
    "@azure/logger" "^1.1.4"
    "@azure/storage-common" "^12.2.0"
    events "^3.0.0"
    tslib "^2.8.1"

"@azure/storage-common@^12.2.0":
  version "12.2.0"
  resolved "https://registry.yarnpkg.com/@azure/storage-common/-/storage-common-12.2.0.tgz#f70adb879a744d15c86420a19e6101cd7abb3f3a"
  integrity sha512-YZLxiJ3vBAAnFbG3TFuAMUlxZRexjQX5JDQxOkFGb6e2TpoxH3xyHI6idsMe/QrWtj41U/KoqBxlayzhS+LlwA==
  dependencies:
    "@azure/abort-controller" "^2.1.2"
    "@azure/core-auth" "^1.9.0"
    "@azure/core-http-compat" "^2.2.0"
    "@azure/core-rest-pipeline" "^1.19.1"
    "@azure/core-tracing" "^1.2.0"
    "@azure/core-util" "^1.11.0"
    "@azure/logger" "^1.1.4"
    events "^3.3.0"
    tslib "^2.8.1"

"@fastify/busboy@^2.0.0":
  version "2.1.1"
  resolved "https://registry.yarnpkg.com/@fastify/busboy/-/busboy-2.1.1.tgz#b9da6a878a371829a0502c9b6c1c143ef6663f4d"
  integrity sha512-vBZP4NlzfOlerQTnba4aqZoMhE/a9HY7HRqoOPaETQcSQuWEIyZMHGfVu6w9wGtGK5fED5qRs2DteVCjOH60sA==

"@protobuf-ts/runtime-rpc@^2.11.1":
  version "2.11.1"
  resolved "https://registry.yarnpkg.com/@protobuf-ts/runtime-rpc/-/runtime-rpc-2.11.1.tgz#a6eb2f384bceae8d23a01d0b0e37faf0af36c179"
  integrity sha512-4CqqUmNA+/uMz00+d3CYKgElXO9VrEbucjnBFEjqI4GuDrEQ32MaI3q+9qPBvIGOlL4PmHXrzM32vBPWRhQKWQ==
  dependencies:
    "@protobuf-ts/runtime" "^2.11.1"

"@protobuf-ts/runtime@^2.11.1":
  version "2.11.1"
  resolved "https://registry.yarnpkg.com/@protobuf-ts/runtime/-/runtime-2.11.1.tgz#ee2bf2fac6e2d8deac0ca63471a77481548e5553"
  integrity sha512-KuDaT1IfHkugM2pyz+FwiY80ejWrkH1pAtOBOZFuR6SXEFTsnb/jiQWQ1rCIrcKx2BtyxnxW6BWwsVSA/Ie+WQ==

"@typespec/ts-http-runtime@^0.3.0":
  version "0.3.2"
  resolved "https://registry.yarnpkg.com/@typespec/ts-http-runtime/-/ts-http-runtime-0.3.2.tgz#1048df6182b02bec8962a9cffd1c5ee1a129541f"
  integrity sha512-IlqQ/Gv22xUC1r/WQm4StLkYQmaaTsXAhUVsNE0+xiyf0yRFiH5++q78U3bw6bLKDCTmh0uqKB9eG9+Bt75Dkg==
  dependencies:
    http-proxy-agent "^7.0.0"
    https-proxy-agent "^7.0.0"
    tslib "^2.6.2"

"@vercel/ncc@^0.38.3":
  version "0.38.4"
  resolved "https://registry.yarnpkg.com/@vercel/ncc/-/ncc-0.38.4.tgz#e1fb8be9e7ed33bf44c121131d4c6e95f784afac"
  integrity sha512-8LwjnlP39s08C08J5NstzriPvW1SP8Zfpp1BvC2sI35kPeZnHfxVkCwu4/+Wodgnd60UtT1n8K8zw+Mp7J9JmQ==

agent-base@^7.1.0, agent-base@^7.1.2:
  version "7.1.4"
  resolved "https://registry.yarnpkg.com/agent-base/-/agent-base-7.1.4.tgz#e3cd76d4c548ee895d3c3fd8dc1f6c5b9032e7a8"
  integrity sha512-MnA+YT8fwfJPgBx3m60MNqakm30XOkyIoH1y6huTQvC0PwZG7ki8NacLBcrPbNoo8vEZy7Jpuk7+jMO+CUovTQ==

balanced-match@^1.0.0:
  version "1.0.2"
  resolved "https://registry.yarnpkg.com/balanced-match/-/balanced-match-1.0.2.tgz#e83e3a7e3f300b34cb9d87f615fa0cbf357690ee"
  integrity sha512-3oSeUO0TMV67hN1AmbXsK4yaqU7tjiHlbxRDZOpH0KW9+CeX4bRAaX0Anxt0tx2MrpRpWwQaPwIlISEJhYU5Pw==

brace-expansion@^1.1.7:
  version "1.1.12"
  resolved "https://registry.yarnpkg.com/brace-expansion/-/brace-expansion-1.1.12.tgz#ab9b454466e5a8cc3a187beaad580412a9c5b843"
  integrity sha512-9T9UjW3r0UW5c1Q7GTwllptXwhvYmEzFhzMfZ9H7FQWt+uZePjZPjBP/W1ZEyZ1twGWom5/56TF4lPcqjnDHcg==
  dependencies:
    balanced-match "^1.0.0"
    concat-map "0.0.1"

concat-map@0.0.1:
  version "0.0.1"
  resolved "https://registry.yarnpkg.com/concat-map/-/concat-map-0.0.1.tgz#d8a96bd77fd68df7793a73036a3ba0d5405d477b"
  integrity sha512-/Srv4dswyQNBfohGpz9o6Yb3Gz3SrUDqBH5rTuhGR7ahtlbYKnVxw2bCFMRljaA7EXHaXZ8wsHdodFvbkhKmqg==

debug@4, debug@^4.3.4:
  version "4.4.3"
  resolved "https://registry.yarnpkg.com/debug/-/debug-4.4.3.tgz#c6ae432d9bd9662582fce08709b038c58e9e3d6a"
  integrity sha512-RGwwWnwQvkVfavKVt22FGLw+xYSdzARwm0ru6DhTVA3umU5hZc28V3kO4stgYryrTlLpuvgI9GiijltAjNbcqA==
  dependencies:
    ms "^2.1.3"

events@^3.0.0, events@^3.3.0:
  version "3.3.0"
  resolved "https://registry.yarnpkg.com/events/-/events-3.3.0.tgz#31a95ad0a924e2d2c419a813aeb2c4e878ea7400"
  integrity sha512-mQw+2fkQbALzQ7V0MY0IqdnXNOeTtP4r0lN9z7AAawCXgqea7bDii20AYrIBrFd/Hx0M2Ocz6S111CaFkUcb0Q==

fast-xml-builder@^1.0.0:
  version "1.0.0"
  resolved "https://registry.yarnpkg.com/fast-xml-builder/-/fast-xml-builder-1.0.0.tgz#a485d7e8381f1db983cf006f849d1066e2935241"
  integrity sha512-fpZuDogrAgnyt9oDDz+5DBz0zgPdPZz6D4IR7iESxRXElrlGTRkHJ9eEt+SACRJwT0FNFrt71DFQIUFBJfX/uQ==

fast-xml-parser@^5.0.7:
  version "5.4.1"
  resolved "https://registry.yarnpkg.com/fast-xml-parser/-/fast-xml-parser-5.4.1.tgz#0c81b8ecfb3021e5ad83aa3df904af19a05bc601"
  integrity sha512-BQ30U1mKkvXQXXkAGcuyUA/GA26oEB7NzOtsxCDtyu62sjGw5QraKFhx2Em3WQNjPw9PG6MQ9yuIIgkSDfGu5A==
  dependencies:
    fast-xml-builder "^1.0.0"
    strnum "^2.1.2"

http-proxy-agent@^7.0.0:
  version "7.0.2"
  resolved "https://registry.yarnpkg.com/http-proxy-agent/-/http-proxy-agent-7.0.2.tgz#9a8b1f246866c028509486585f62b8f2c18c270e"
  integrity sha512-T1gkAiYYDWYx3V5Bmyu7HcfcvL7mUrTWiM6yOfa3PIphViJ/gFPbvidQ+veqSOHci/PxBcDabeUNCzpOODJZig==
  dependencies:
    agent-base "^7.1.0"
    debug "^4.3.4"

https-proxy-agent@^7.0.0:
  version "7.0.6"
  resolved "https://registry.yarnpkg.com/https-proxy-agent/-/https-proxy-agent-7.0.6.tgz#da8dfeac7da130b05c2ba4b59c9b6cd66611a6b9"
  integrity sha512-vK9P5/iUfdl95AI+JVyUuIcVtd4ofvtrOr3HNtM2yxC9bnMbEdp3x01OhQNnjb8IJYi38VlTE3mBXwcfvywuSw==
  dependencies:
    agent-base "^7.1.2"
    debug "4"

linux-os-info@^2.0.0:
  version "2.0.0"
  resolved "https://registry.yarnpkg.com/linux-os-info/-/linux-os-info-2.0.0.tgz#32a251077c13af1a69dbcb36a168901208e32776"
  integrity sha512-ZopyH4kT2Ehnmix8iUgS/41pfv7fSlUV1JukIn3DB3qD3byvhBNtgCbUApoAtiqcHRLKXCY3zakXlJgiExm2Qg==

minimatch@^3.0.4:
  version "3.1.4"
  resolved "https://registry.yarnpkg.com/minimatch/-/minimatch-3.1.4.tgz#89d910ea3970a77ac8edfd30340ccd038b758079"
  integrity sha512-twmL+S8+7yIsE9wsqgzU3E8/LumN3M3QELrBZ20OdmQ9jB2JvW5oZtBEmft84k/Gs5CG9mqtWc6Y9vW+JEzGxw==
  dependencies:
    brace-expansion "^1.1.7"

ms@^2.1.3:
  version "2.1.3"
  resolved "https://registry.yarnpkg.com/ms/-/ms-2.1.3.tgz#574c8138ce1d2b5861f0b44579dbadd60c6615b2"
  integrity sha512-6FlzubTLZG3J2a/NVCAleEhjzq5oxgHyaCU9yYXvcLsvoVaHJq/s5xXI6/XXP6tz7R9xAOtHnSO/tXtF3WRTlA==

semver@^6.1.0, semver@^6.3.1:
  version "6.3.1"
  resolved "https://registry.yarnpkg.com/semver/-/semver-6.3.1.tgz#556d2ef8689146e46dcea4bfdd095f3434dffcb4"
  integrity sha512-BR7VvDCVHO+q2xBEWskxS6DJE1qRnb7DxzUrogb71CWoSficBxYsiAGd+Kl0mmq/MprG9yArRkyrQxTO6XjMzA==

semver@^7.7.3:
  version "7.7.3"
  resolved "https://registry.yarnpkg.com/semver/-/semver-7.7.3.tgz#4b5f4143d007633a8dc671cd0a6ef9147b8bb946"
  integrity sha512-SdsKMrI9TdgjdweUSR9MweHA4EJ8YxHn8DFaDisvhVlUOe4BF1tLD7GAj0lIqWVl+dPb/rExr0Btby5loQm20Q==

strnum@^2.1.2:
  version "2.1.2"
  resolved "https://registry.yarnpkg.com/strnum/-/strnum-2.1.2.tgz#a5e00ba66ab25f9cafa3726b567ce7a49170937a"
  integrity sha512-l63NF9y/cLROq/yqKXSLtcMeeyOfnSQlfMSlzFt/K73oIaD8DGaQWd7Z34X9GPiKqP5rbSh84Hl4bOlLcjiSrQ==

tslib@^2.2.0, tslib@^2.6.2, tslib@^2.8.1:
  version "2.8.1"
  resolved "https://registry.yarnpkg.com/tslib/-/tslib-2.8.1.tgz#612efe4ed235d567e8aba5f2a5fab70280ade83f"
  integrity sha512-oJFu94HQb+KVduSUQL7wnpmqnfmLsOA/nAh6b6EH0wCEoK0/mPeXU6c3wKDV83MkOuHPRHtSXKKU99IBazS/2w==

tunnel@^0.0.6:
  version "0.0.6"
  resolved "https://registry.yarnpkg.com/tunnel/-/tunnel-0.0.6.tgz#72f1314b34a5b192db012324df2cc587ca47f92c"
  integrity sha512-1h/Lnq9yajKY2PEbBadPXj3VxsDDu844OnaAo52UVmIzIvwwtBPIuNvkjuzBlTWpfJyUbG3ez0KSBibQkj4ojg==

undici@^5.25.4, undici@^5.28.5:
  version "5.29.0"
  resolved "https://registry.yarnpkg.com/undici/-/undici-5.29.0.tgz#419595449ae3f2cdcba3580a2e8903399bd1f5a3"
  integrity sha512-raqeBD6NQK4SkWhQzeYKd1KmIG6dllBOTt55Rmkt4HtI9mwdWtJljnrXjAFUBLTSN67HWrOIZ3EPF4kjUw80Bg==
  dependencies:
    "@fastify/busboy" "^2.0.0"
