# THIS IS AN AUTOGENERATED FILE. DO NOT EDIT THIS FILE DIRECTLY.
# yarn lockfile v1


"@actions/cache@^3":
  version "3.2.2"
  resolved "https://registry.npmjs.org/@actions/cache/-/cache-3.2.2.tgz"
  integrity sha512-6D0Jq5JrLZRQ3VApeQwQkkV20ZZXjXsHNYXd9VjNUdi9E0h93wESpxfMJ2JWLCUCgHNLcfY0v3GjNM+2FdRMlg==
  dependencies:
    "@actions/core" "^1.10.0"
    "@actions/exec" "^1.0.1"
    "@actions/glob" "^0.1.0"
    "@actions/http-client" "^2.1.1"
    "@actions/io" "^1.0.1"
    "@azure/abort-controller" "^1.1.0"
    "@azure/ms-rest-js" "^2.6.0"
    "@azure/storage-blob" "^12.13.0"
    semver "^6.1.0"
    uuid "^3.3.3"

"@actions/core@^1.10.0", "@actions/core@^1.2.6":
  version "1.10.1"
  resolved "https://registry.npmjs.org/@actions/core/-/core-1.10.1.tgz"
  integrity sha512-3lBR9EDAY+iYIpTnTIXmWcNbX3T2kCkAEQGIQx4NVQ0575nk2k3GRZDTPQG+vVtS2izSLmINlxXf0uLtnrTP+g==
  dependencies:
    "@actions/http-client" "^2.0.1"
    uuid "^8.3.2"

"@actions/exec@^1.0.0", "@actions/exec@^1.0.1", "@actions/exec@^1.1.1":
  version "1.1.1"
  resolved "https://registry.npmjs.org/@actions/exec/-/exec-1.1.1.tgz"
  integrity sha512-+sCcHHbVdk93a0XT19ECtO/gIXoxvdsgQLzb2fE2/5sIZmWQuluYyjPQtrtTHdU1YzTZ7bAPN4sITq2xi1679w==
  dependencies:
    "@actions/io" "^1.0.1"

"@actions/glob@^0.1.0":
  version "0.1.2"
  resolved "https://registry.npmjs.org/@actions/glob/-/glob-0.1.2.tgz"
  integrity sha512-SclLR7Ia5sEqjkJTPs7Sd86maMDw43p769YxBOxvPvEWuPEhpAnBsQfENOpXjFYMmhCqd127bmf+YdvJqVqR4A==
  dependencies:
    "@actions/core" "^1.2.6"
    minimatch "^3.0.4"

"@actions/http-client@^2.0.1", "@actions/http-client@^2.1.1":
  version "2.1.1"
  resolved "https://registry.npmjs.org/@actions/http-client/-/http-client-2.1.1.tgz"
  integrity sha512-qhrkRMB40bbbLo7gF+0vu+X+UawOvQQqNAA/5Unx774RS8poaOhThDOG6BGmxvAnxhQnDp2BG/ZUm65xZILTpw==
  dependencies:
    tunnel "^0.0.6"

"@actions/io@^1.0.1", "@actions/io@^1.1.1", "@actions/io@^1.1.2":
  version "1.1.3"
  resolved "https://registry.npmjs.org/@actions/io/-/io-1.1.3.tgz"
  integrity sha512-wi9JjgKLYS7U/z8PPbco+PvTb/nRWjeoFlJ1Qer83k/3C5PHQi28hiVdeE2kHXmIL99mQFawx8qt/JPjZilJ8Q==

"@actions/tool-cache@^2":
  version "2.0.1"
  resolved "https://registry.npmjs.org/@actions/tool-cache/-/tool-cache-2.0.1.tgz"
  integrity sha512-iPU+mNwrbA8jodY8eyo/0S/QqCKDajiR8OxWTnSk/SnYg0sj8Hp4QcUEVC1YFpHWXtrfbQrE13Jz4k4HXJQKcA==
  dependencies:
    "@actions/core" "^1.2.6"
    "@actions/exec" "^1.0.0"
    "@actions/http-client" "^2.0.1"
    "@actions/io" "^1.1.1"
    semver "^6.1.0"
    uuid "^3.3.2"

"@azure/abort-controller@^1.0.0", "@azure/abort-controller@^1.1.0":
  version "1.1.0"
  resolved "https://registry.npmjs.org/@azure/abort-controller/-/abort-controller-1.1.0.tgz"
  integrity sha512-TrRLIoSQVzfAJX9H1JeFjzAoDGcoK1IYX1UImfceTZpsyYfWr09Ss1aHW1y5TrrR3iq6RZLBwJ3E24uwPhwahw==
  dependencies:
    tslib "^2.2.0"

"@azure/core-auth@^1.1.4", "@azure/core-auth@^1.3.0":
  version "1.5.0"
  resolved "https://registry.npmjs.org/@azure/core-auth/-/core-auth-1.5.0.tgz"
  integrity sha512-udzoBuYG1VBoHVohDTrvKjyzel34zt77Bhp7dQntVGGD0ehVq48owENbBG8fIgkHRNUBQH5k1r0hpoMu5L8+kw==
  dependencies:
    "@azure/abort-controller" "^1.0.0"
    "@azure/core-util" "^1.1.0"
    tslib "^2.2.0"

"@azure/core-http@^3.0.0":
  version "3.0.3"
  resolved "https://registry.npmjs.org/@azure/core-http/-/core-http-3.0.3.tgz"
  integrity sha512-QMib3wXotJMFhHgmJBPUF9YsyErw34H0XDFQd9CauH7TPB+RGcyl9Ayy7iURtJB04ngXhE6YwrQsWDXlSLrilg==
  dependencies:
    "@azure/abort-controller" "^1.0.0"
    "@azure/core-auth" "^1.3.0"
    "@azure/core-tracing" "1.0.0-preview.13"
    "@azure/core-util" "^1.1.1"
    "@azure/logger" "^1.0.0"
    "@types/node-fetch" "^2.5.0"
    "@types/tunnel" "^0.0.3"
    form-data "^4.0.0"
    node-fetch "^2.6.7"
    process "^0.11.10"
    tslib "^2.2.0"
    tunnel "^0.0.6"
    uuid "^8.3.0"
    xml2js "^0.5.0"

"@azure/core-lro@^2.2.0":
  version "2.5.4"
  resolved "https://registry.npmjs.org/@azure/core-lro/-/core-lro-2.5.4.tgz"
  integrity sha512-3GJiMVH7/10bulzOKGrrLeG/uCBH/9VtxqaMcB9lIqAeamI/xYQSHJL/KcsLDuH+yTjYpro/u6D/MuRe4dN70Q==
  dependencies:
    "@azure/abort-controller" "^1.0.0"
    "@azure/core-util" "^1.2.0"
    "@azure/logger" "^1.0.0"
    tslib "^2.2.0"

"@azure/core-paging@^1.1.1":
  version "1.5.0"
  resolved "https://registry.npmjs.org/@azure/core-paging/-/core-paging-1.5.0.tgz"
  integrity sha512-zqWdVIt+2Z+3wqxEOGzR5hXFZ8MGKK52x4vFLw8n58pR6ZfKRx3EXYTxTaYxYHc/PexPUTyimcTWFJbji9Z6Iw==
  dependencies:
    tslib "^2.2.0"

"@azure/core-tracing@1.0.0-preview.13":
  version "1.0.0-preview.13"
  resolved "https://registry.npmjs.org/@azure/core-tracing/-/core-tracing-1.0.0-preview.13.tgz"
  integrity sha512-KxDlhXyMlh2Jhj2ykX6vNEU0Vou4nHr025KoSEiz7cS3BNiHNaZcdECk/DmLkEB0as5T7b/TpRcehJ5yV6NeXQ==
  dependencies:
    "@opentelemetry/api" "^1.0.1"
    tslib "^2.2.0"

"@azure/core-util@^1.1.0", "@azure/core-util@^1.1.1", "@azure/core-util@^1.2.0":
  version "1.4.0"
  resolved "https://registry.npmjs.org/@azure/core-util/-/core-util-1.4.0.tgz"
  integrity sha512-eGAyJpm3skVQoLiRqm/xPa+SXi/NPDdSHMxbRAz2lSprd+Zs+qrpQGQQ2VQ3Nttu+nSZR4XoYQC71LbEI7jsig==
  dependencies:
    "@azure/abort-controller" "^1.0.0"
    tslib "^2.2.0"

"@azure/logger@^1.0.0":
  version "1.0.4"
  resolved "https://registry.npmjs.org/@azure/logger/-/logger-1.0.4.tgz"
  integrity sha512-ustrPY8MryhloQj7OWGe+HrYx+aoiOxzbXTtgblbV3xwCqpzUK36phH3XNHQKj3EPonyFUuDTfR3qFhTEAuZEg==
  dependencies:
    tslib "^2.2.0"

"@azure/ms-rest-js@^2.6.0":
  version "2.7.0"
  resolved "https://registry.npmjs.org/@azure/ms-rest-js/-/ms-rest-js-2.7.0.tgz"
  integrity sha512-ngbzWbqF+NmztDOpLBVDxYM+XLcUj7nKhxGbSU9WtIsXfRB//cf2ZbAG5HkOrhU9/wd/ORRB6lM/d69RKVjiyA==
  dependencies:
    "@azure/core-auth" "^1.1.4"
    abort-controller "^3.0.0"
    form-data "^2.5.0"
    node-fetch "^2.6.7"
    tslib "^1.10.0"
    tunnel "0.0.6"
    uuid "^8.3.2"
    xml2js "^0.5.0"

"@azure/storage-blob@^12.13.0":
  version "12.16.0"
  resolved "https://registry.npmjs.org/@azure/storage-blob/-/storage-blob-12.16.0.tgz"
  integrity sha512-jz33rUSUGUB65FgYrTRgRDjG6hdPHwfvHe+g/UrwVG8MsyLqSxg9TaW7Yuhjxu1v1OZ5xam2NU6+IpCN0xJO8Q==
  dependencies:
    "@azure/abort-controller" "^1.0.0"
    "@azure/core-http" "^3.0.0"
    "@azure/core-lro" "^2.2.0"
    "@azure/core-paging" "^1.1.1"
    "@azure/core-tracing" "1.0.0-preview.13"
    "@azure/logger" "^1.0.0"
    events "^3.0.0"
    tslib "^2.2.0"

"@opentelemetry/api@^1.0.1":
  version "1.6.0"
  resolved "https://registry.npmjs.org/@opentelemetry/api/-/api-1.6.0.tgz"
  integrity sha512-OWlrQAnWn9577PhVgqjUvMr1pg57Bc4jv0iL4w0PRuOSRvq67rvHW9Ie/dZVMvCzhSCB+UxhcY/PmCmFj33Q+g==

"@types/node-fetch@^2.5.0":
  version "2.6.5"
  resolved "https://registry.npmjs.org/@types/node-fetch/-/node-fetch-2.6.5.tgz"
  integrity sha512-OZsUlr2nxvkqUFLSaY2ZbA+P1q22q+KrlxWOn/38RX+u5kTkYL2mTujEpzUhGkS+K/QCYp9oagfXG39XOzyySg==
  dependencies:
    "@types/node" "*"
    form-data "^4.0.0"

"@types/node@*":
  version "20.6.2"
  resolved "https://registry.npmjs.org/@types/node/-/node-20.6.2.tgz"
  integrity sha512-Y+/1vGBHV/cYk6OI1Na/LHzwnlNCAfU3ZNGrc1LdRe/LAIbdDPTTv/HU3M7yXN448aTVDq3eKRm2cg7iKLb8gw==

"@types/tunnel@^0.0.3":
  version "0.0.3"
  resolved "https://registry.npmjs.org/@types/tunnel/-/tunnel-0.0.3.tgz"
  integrity sha512-sOUTGn6h1SfQ+gbgqC364jLFBw2lnFqkgF3q0WovEHRLMrVD1sd5aufqi/aJObLekJO+Aq5z646U4Oxy6shXMA==
  dependencies:
    "@types/node" "*"

"@vercel/ncc@^0.33.4":
  version "0.33.4"
  resolved "https://registry.npmjs.org/@vercel/ncc/-/ncc-0.33.4.tgz"
  integrity sha512-ln18hs7dMffelP47tpkaR+V5Tj6coykNyxJrlcmCormPqRQjB/Gv4cu2FfBG+PMzIfdZp2CLDsrrB1NPU22Qhg==

abort-controller@^3.0.0:
  version "3.0.0"
  resolved "https://registry.npmjs.org/abort-controller/-/abort-controller-3.0.0.tgz"
  integrity sha512-h8lQ8tacZYnR3vNQTgibj+tODHI5/+l06Au2Pcriv/Gmet0eaj4TwWH41sO9wnHDiQsEj19q0drzdWdeAHtweg==
  dependencies:
    event-target-shim "^5.0.0"

asynckit@^0.4.0:
  version "0.4.0"
  resolved "https://registry.npmjs.org/asynckit/-/asynckit-0.4.0.tgz"
  integrity sha512-Oei9OH4tRh0YqU3GxhX79dM/mwVgvbZJaSNaRk+bshkj0S5cfHcgYakreBjrHwatXKbz+IoIdYLxrKim2MjW0Q==

balanced-match@^1.0.0:
  version "1.0.2"
  resolved "https://registry.npmjs.org/balanced-match/-/balanced-match-1.0.2.tgz"
  integrity sha512-3oSeUO0TMV67hN1AmbXsK4yaqU7tjiHlbxRDZOpH0KW9+CeX4bRAaX0Anxt0tx2MrpRpWwQaPwIlISEJhYU5Pw==

brace-expansion@^1.1.7:
  version "1.1.11"
  resolved "https://registry.npmjs.org/brace-expansion/-/brace-expansion-1.1.11.tgz"
  integrity sha512-iCuPHDFgrHX7H2vEI/5xpz07zSHB00TpugqhmYtVmMO6518mCuRMoOYFldEBl0g187ufozdaHgWKcYFb61qGiA==
  dependencies:
    balanced-match "^1.0.0"
    concat-map "0.0.1"

combined-stream@^1.0.6, combined-stream@^1.0.8:
  version "1.0.8"
  resolved "https://registry.npmjs.org/combined-stream/-/combined-stream-1.0.8.tgz"
  integrity sha512-FQN4MRfuJeHf7cBbBMJFXhKSDq+2kAArBlmRBvcvFE5BB1HZKXtSFASDhdlz9zOYwxh8lDdnvmMOe/+5cdoEdg==
  dependencies:
    delayed-stream "~1.0.0"

concat-map@0.0.1:
  version "0.0.1"
  resolved "https://registry.npmjs.org/concat-map/-/concat-map-0.0.1.tgz"
  integrity sha512-/Srv4dswyQNBfohGpz9o6Yb3Gz3SrUDqBH5rTuhGR7ahtlbYKnVxw2bCFMRljaA7EXHaXZ8wsHdodFvbkhKmqg==

delayed-stream@~1.0.0:
  version "1.0.0"
  resolved "https://registry.npmjs.org/delayed-stream/-/delayed-stream-1.0.0.tgz"
  integrity sha512-ZySD7Nf91aLB0RxL4KGrKHBXl7Eds1DAmEdcoVawXnLD7SDhpNgtuII2aAkg7a7QS41jxPSZ17p4VdGnMHk3MQ==

event-target-shim@^5.0.0:
  version "5.0.1"
  resolved "https://registry.npmjs.org/event-target-shim/-/event-target-shim-5.0.1.tgz"
  integrity sha512-i/2XbnSz/uxRCU6+NdVJgKWDTM427+MqYbkQzD321DuCQJUqOuJKIA0IM2+W2xtYHdKOmZ4dR6fExsd4SXL+WQ==

events@^3.0.0:
  version "3.3.0"
  resolved "https://registry.npmjs.org/events/-/events-3.3.0.tgz"
  integrity sha512-mQw+2fkQbALzQ7V0MY0IqdnXNOeTtP4r0lN9z7AAawCXgqea7bDii20AYrIBrFd/Hx0M2Ocz6S111CaFkUcb0Q==

form-data@^2.5.0:
  version "2.5.1"
  resolved "https://registry.npmjs.org/form-data/-/form-data-2.5.1.tgz"
  integrity sha512-m21N3WOmEEURgk6B9GLOE4RuWOFf28Lhh9qGYeNlGq4VDXUlJy2th2slBNU8Gp8EzloYZOibZJ7t5ecIrFSjVA==
  dependencies:
    asynckit "^0.4.0"
    combined-stream "^1.0.6"
    mime-types "^2.1.12"

form-data@^4.0.0:
  version "4.0.0"
  resolved "https://registry.npmjs.org/form-data/-/form-data-4.0.0.tgz"
  integrity sha512-ETEklSGi5t0QMZuiXoA/Q6vcnxcLQP5vdugSpuAyi6SVGi2clPPp+xgEhuMaHC+zGgn31Kd235W35f7Hykkaww==
  dependencies:
    asynckit "^0.4.0"
    combined-stream "^1.0.8"
    mime-types "^2.1.12"

linux-os-info@^2.0.0:
  version "2.0.0"
  resolved "https://registry.npmjs.org/linux-os-info/-/linux-os-info-2.0.0.tgz"
  integrity sha512-ZopyH4kT2Ehnmix8iUgS/41pfv7fSlUV1JukIn3DB3qD3byvhBNtgCbUApoAtiqcHRLKXCY3zakXlJgiExm2Qg==

lru-cache@^6.0.0:
  version "6.0.0"
  resolved "https://registry.npmjs.org/lru-cache/-/lru-cache-6.0.0.tgz"
  integrity sha512-Jo6dJ04CmSjuznwJSS3pUeWmd/H0ffTlkXXgwZi+eq1UCmqQwCh+eLsYOYCwY991i2Fah4h1BEMCx4qThGbsiA==
  dependencies:
    yallist "^4.0.0"

mime-db@1.52.0:
  version "1.52.0"
  resolved "https://registry.npmjs.org/mime-db/-/mime-db-1.52.0.tgz"
  integrity sha512-sPU4uV7dYlvtWJxwwxHD0PuihVNiE7TyAbQ5SWxDCB9mUYvOgroQOwYQQOKPJ8CIbE+1ETVlOoK1UC2nU3gYvg==

mime-types@^2.1.12:
  version "2.1.35"
  resolved "https://registry.npmjs.org/mime-types/-/mime-types-2.1.35.tgz"
  integrity sha512-ZDY+bPm5zTTF+YpCrAU9nK0UgICYPT0QtT1NZWFv4s++TNkcgVaT0g6+4R2uI4MjQjzysHB1zxuWL50hzaeXiw==
  dependencies:
    mime-db "1.52.0"

minimatch@^3.0.4:
  version "3.1.2"
  resolved "https://registry.npmjs.org/minimatch/-/minimatch-3.1.2.tgz"
  integrity sha512-J7p63hRiAjw1NDEww1W7i37+ByIrOWO5XQQAzZ3VOcL0PNybwpfmV/N05zFAzwQ9USyEcX6t3UO+K5aqBQOIHw==
  dependencies:
    brace-expansion "^1.1.7"

node-fetch@^2.6.7:
  version "2.7.0"
  resolved "https://registry.npmjs.org/node-fetch/-/node-fetch-2.7.0.tgz"
  integrity sha512-c4FRfUm/dbcWZ7U+1Wq0AwCyFL+3nt2bEw05wfxSz+DWpWsitgmSgYmy2dQdWyKC1694ELPqMs/YzUSNozLt8A==
  dependencies:
    whatwg-url "^5.0.0"

process@^0.11.10:
  version "0.11.10"
  resolved "https://registry.npmjs.org/process/-/process-0.11.10.tgz"
  integrity sha512-cdGef/drWFoydD1JsMzuFf8100nZl+GT+yacc2bEced5f9Rjk4z+WtFUTBu9PhOi9j/jfmBPu0mMEY4wIdAF8A==

sax@>=0.6.0:
  version "1.2.4"
  resolved "https://registry.npmjs.org/sax/-/sax-1.2.4.tgz"
  integrity sha512-NqVDv9TpANUjFm0N8uM5GxL36UgKi9/atZw+x7YFnQ8ckwFGKrl4xX4yWtrey3UJm5nP1kUbnYgLopqWNSRhWw==

semver@^6.1.0:
  version "6.3.1"
  resolved "https://registry.npmjs.org/semver/-/semver-6.3.1.tgz"
  integrity sha512-BR7VvDCVHO+q2xBEWskxS6DJE1qRnb7DxzUrogb71CWoSficBxYsiAGd+Kl0mmq/MprG9yArRkyrQxTO6XjMzA==

semver@^7.3.7:
  version "7.5.4"
  resolved "https://registry.npmjs.org/semver/-/semver-7.5.4.tgz"
  integrity sha512-1bCSESV6Pv+i21Hvpxp3Dx+pSD8lIPt8uVjRrxAUt/nbswYc+tK6Y2btiULjd4+fnq15PX+nqQDC7Oft7WkwcA==
  dependencies:
    lru-cache "^6.0.0"

tr46@~0.0.3:
  version "0.0.3"
  resolved "https://registry.npmjs.org/tr46/-/tr46-0.0.3.tgz"
  integrity sha512-N3WMsuqV66lT30CrXNbEjx4GEwlow3v6rr4mCcv6prnfwhS01rkgyFdjPNBYd9br7LpXV1+Emh01fHnq2Gdgrw==

tslib@^1.10.0:
  version "1.14.1"
  resolved "https://registry.npmjs.org/tslib/-/tslib-1.14.1.tgz"
  integrity sha512-Xni35NKzjgMrwevysHTCArtLDpPvye8zV/0E4EyYn43P7/7qvQwPh9BGkHewbMulVntbigmcT7rdX3BNo9wRJg==

tslib@^2.2.0:
  version "2.6.2"
  resolved "https://registry.npmjs.org/tslib/-/tslib-2.6.2.tgz"
  integrity sha512-AEYxH93jGFPn/a2iVAwW87VuUIkR1FVUKB77NwMF7nBTDkDrrT/Hpt/IrCJ0QXhW27jTBDcf5ZY7w6RiqTMw2Q==

tunnel@^0.0.6, tunnel@0.0.6:
  version "0.0.6"
  resolved "https://registry.npmjs.org/tunnel/-/tunnel-0.0.6.tgz"
  integrity sha512-1h/Lnq9yajKY2PEbBadPXj3VxsDDu844OnaAo52UVmIzIvwwtBPIuNvkjuzBlTWpfJyUbG3ez0KSBibQkj4ojg==

uuid@^3.3.2, uuid@^3.3.3:
  version "3.4.0"
  resolved "https://registry.npmjs.org/uuid/-/uuid-3.4.0.tgz"
  integrity sha512-HjSDRw6gZE5JMggctHBcjVak08+KEVhSIiDzFnT9S9aegmp85S/bReBVTb4QTFaRNptJ9kuYaNhnbNEOkbKb/A==

uuid@^8.3.0:
  version "8.3.2"
  resolved "https://registry.npmjs.org/uuid/-/uuid-8.3.2.tgz"
  integrity sha512-+NYs2QeMWy+GWFOEm9xnn6HCDp0l7QBD7ml8zLUmJ+93Q5NF0NocErnwkTkXVFNiX3/fpC6afS8Dhb/gz7R7eg==

uuid@^8.3.2:
  version "8.3.2"
  resolved "https://registry.npmjs.org/uuid/-/uuid-8.3.2.tgz"
  integrity sha512-+NYs2QeMWy+GWFOEm9xnn6HCDp0l7QBD7ml8zLUmJ+93Q5NF0NocErnwkTkXVFNiX3/fpC6afS8Dhb/gz7R7eg==

webidl-conversions@^3.0.0:
  version "3.0.1"
  resolved "https://registry.npmjs.org/webidl-conversions/-/webidl-conversions-3.0.1.tgz"
  integrity sha512-2JAn3z8AR6rjK8Sm8orRC0h/bcl/DqL7tRPdGZ4I1CjdF+EaMLmYxBHyXuKL849eucPFhvBoxMsflfOb8kxaeQ==

whatwg-url@^5.0.0:
  version "5.0.0"
  resolved "https://registry.npmjs.org/whatwg-url/-/whatwg-url-5.0.0.tgz"
  integrity sha512-saE57nupxk6v3HY35+jzBwYa0rKSy0XR8JSxZPwgLr7ys0IBzhGviA1/TUGJLmSVqs8pb9AnvICXEuOHLprYTw==
  dependencies:
    tr46 "~0.0.3"
    webidl-conversions "^3.0.0"

xml2js@^0.5.0:
  version "0.5.0"
  resolved "https://registry.npmjs.org/xml2js/-/xml2js-0.5.0.tgz"
  integrity sha512-drPFnkQJik/O+uPKpqSgr22mpuFHqKdbS835iAQrUC73L2F5WkboIRd63ai/2Yg6I1jzifPFKH2NTK+cfglkIA==
  dependencies:
    sax ">=0.6.0"
    xmlbuilder "~11.0.0"

xmlbuilder@~11.0.0:
  version "11.0.1"
  resolved "https://registry.npmjs.org/xmlbuilder/-/xmlbuilder-11.0.1.tgz"
  integrity sha512-fDlsI/kFEx7gLvbecc0/ohLG50fugQp8ryHzMTuW9vSa1GJ0XYWKnhsUx7oie3G98+r56aTQIUB4kht42R3JvA==

yallist@^4.0.0:
  version "4.0.0"
  resolved "https://registry.npmjs.org/yallist/-/yallist-4.0.0.tgz"
  integrity sha512-3wdGidZyq5PB084XLES5TpOSRA3wjXAlIWMhum2kRcv/41Sn2emQ0dycQW4uZXLejwKvg6EsvbdlVL+FYEct7A==
